
Microsoft Visual Studio Solution File, Format Version 12.00
# Visual Studio Version 17
VisualStudioVersion = 17.1.32421.90
MinimumVisualStudioVersion = 10.0.40219.1
Project("{9A19103F-16F7-4668-BE54-9A1E7A4F7556}") = "TwitterSampleFeedGUI", "TwitterSampleFeedGUI\TwitterSampleFeedGUI.csproj", "{1B1023A3-5234-45A5-B96C-E502E7E04880}"
EndProject
Project("{9A19103F-16F7-4668-BE54-9A1E7A4F7556}") = "TwitterSampleFeedLogic", "TwitterSampleFeedLogic\TwitterSampleFeedLogic.csproj", "{16B66B1D-9432-41D1-86F8-DBCC1B588B90}"
EndProject
Project("{9A19103F-16F7-4668-BE54-9A1E7A4F7556}") = "TwitterSampleFeedTest", "TwitterSampleFeedTest\TwitterSampleFeedTest.csproj", "{9CA25334-9BA5-4233-8745-D2F1D8B47DAF}"
EndProject
Project("{9A19103F-16F7-4668-BE54-9A1E7A4F7556}") = "SharedUtil", "SharedUtil\SharedUtil.csproj", "{1D143E8E-8EEB-4BEA-97E1-E38A12D43954}"
EndProject
Global
	GlobalSection(SolutionConfigurationPlatforms) = preSolution
		Debug|Any CPU = Debug|Any CPU
		Release|Any CPU = Release|Any CPU
	EndGlobalSection
	GlobalSection(ProjectConfigurationPlatforms) = postSolution
		{1B1023A3-5234-45A5-B96C-E502E7E04880}.Debug|Any CPU.ActiveCfg = Debug|Any CPU
		{1B1023A3-5234-45A5-B96C-E502E7E04880}.Debug|Any CPU.Build.0 = Debug|Any CPU
		{1B1023A3-5234-45A5-B96C-E502E7E04880}.Release|Any CPU.ActiveCfg = Release|Any CPU
		{1B1023A3-5234-45A5-B96C-E502E7E04880}.Release|Any CPU.Build.0 = Release|Any CPU
		{16B66B1D-9432-41D1-86F8-DBCC1B588B90}.Debug|Any CPU.ActiveCfg = Debug|Any CPU
		{16B66B1D-9432-41D1-86F8-DBCC1B588B90}.Debug|Any CPU.Build.0 = Debug|Any CPU
		{16B66B1D-9432-41D1-86F8-DBCC1B588B90}.Release|Any CPU.ActiveCfg = Release|Any CPU
		{16B66B1D-9432-41D1-86F8-DBCC1B588B90}.Release|Any CPU.Build.0 = Release|Any CPU
		{9CA25334-9BA5-4233-8745-D2F1D8B47DAF}.Debug|Any CPU.ActiveCfg = Debug|Any CPU
		{9CA25334-9BA5-4233-8745-D2F1D8B47DAF}.Debug|Any CPU.Build.0 = Debug|Any CPU
		{9CA25334-9BA5-4233-8745-D2F1D8B47DAF}.Release|Any CPU.ActiveCfg = Release|Any CPU
		{9CA25334-9BA5-4233-8745-D2F1D8B47DAF}.Release|Any CPU.Build.0 = Release|Any CPU
		{1D143E8E-8EEB-4BEA-97E1-E38A12D43954}.Debug|Any CPU.ActiveCfg = Debug|Any CPU
		{1D143E8E-8EEB-4BEA-97E1-E38A12D43954}.Debug|Any CPU.Build.0 = Debug|Any CPU
		{1D143E8E-8EEB-4BEA-97E1-E38A12D43954}.Release|Any CPU.ActiveCfg = Release|Any CPU
		{1D143E8E-8EEB-4BEA-97E1-E38A12D43954}.Release|Any CPU.Build.0 = Release|Any CPU
	EndGlobalSection
	GlobalSection(SolutionProperties) = preSolution
		HideSolutionNode = FALSE
	EndGlobalSection
	GlobalSection(ExtensibilityGlobals) = postSolution
		SolutionGuid = {10C89623-AE0C-4CE4-B325-A5F29B019DC4}
	EndGlobalSection
EndGlobal
